
Microsoft Visual Studio Solution File, Format Version 12.00
# Visual Studio Version 17
VisualStudioVersion = 17.0.31903.59
MinimumVisualStudioVersion = 10.0.40219.1
Project("{FAE04EC0-301F-11D3-BF4B-00C04F79EFBC}") = "InventoryService", "InventoryService\InventoryService.csproj", "{8BD7DAE2-0882-465E-9AE7-81302D040B2D}"
EndProject
Project("{E53339B2-1760-4266-BCC7-CA923CBCF16C}") = "docker-compose", "docker-compose.dcproj", "{81DDED9D-158B-E303-5F62-77A2896D2A5A}"
EndProject
Project("{FAE04EC0-301F-11D3-BF4B-00C04F79EFBC}") = "NotificacionesService", "NotificacionesService\NotificacionesService.csproj", "{63B52628-B173-4131-9222-A845EC9A9FF1}"
EndProject
Project("{2150E333-8FDC-42A3-9474-1A3956D46DE8}") = "Elementos de la solución", "Elementos de la solución", "{D107F4C8-89CC-BEA8-D3D7-CA6B7733353D}"
	ProjectSection(SolutionItems) = preProject
		enable_plugins.txt = enable_plugins.txt
	EndProjectSection
EndProject
Global
	GlobalSection(SolutionConfigurationPlatforms) = preSolution
		Debug|Any CPU = Debug|Any CPU
		Debug|x64 = Debug|x64
		Debug|x86 = Debug|x86
		Release|Any CPU = Release|Any CPU
		Release|x64 = Release|x64
		Release|x86 = Release|x86
	EndGlobalSection
	GlobalSection(ProjectConfigurationPlatforms) = postSolution
		{8BD7DAE2-0882-465E-9AE7-81302D040B2D}.Debug|Any CPU.ActiveCfg = Debug|Any CPU
		{8BD7DAE2-0882-465E-9AE7-81302D040B2D}.Debug|Any CPU.Build.0 = Debug|Any CPU
		{8BD7DAE2-0882-465E-9AE7-81302D040B2D}.Debug|x64.ActiveCfg = Debug|Any CPU
		{8BD7DAE2-0882-465E-9AE7-81302D040B2D}.Debug|x64.Build.0 = Debug|Any CPU
		{8BD7DAE2-0882-465E-9AE7-81302D040B2D}.Debug|x86.ActiveCfg = Debug|Any CPU
		{8BD7DAE2-0882-465E-9AE7-81302D040B2D}.Debug|x86.Build.0 = Debug|Any CPU
		{8BD7DAE2-0882-465E-9AE7-81302D040B2D}.Release|Any CPU.ActiveCfg = Release|Any CPU
		{8BD7DAE2-0882-465E-9AE7-81302D040B2D}.Release|Any CPU.Build.0 = Release|Any CPU
		{8BD7DAE2-0882-465E-9AE7-81302D040B2D}.Release|x64.ActiveCfg = Release|Any CPU
		{8BD7DAE2-0882-465E-9AE7-81302D040B2D}.Release|x64.Build.0 = Release|Any CPU
		{8BD7DAE2-0882-465E-9AE7-81302D040B2D}.Release|x86.ActiveCfg = Release|Any CPU
		{8BD7DAE2-0882-465E-9AE7-81302D040B2D}.Release|x86.Build.0 = Release|Any CPU
		{81DDED9D-158B-E303-5F62-77A2896D2A5A}.Debug|Any CPU.ActiveCfg = Debug|Any CPU
		{81DDED9D-158B-E303-5F62-77A2896D2A5A}.Debug|Any CPU.Build.0 = Debug|Any CPU
		{81DDED9D-158B-E303-5F62-77A2896D2A5A}.Debug|x64.ActiveCfg = Debug|Any CPU
		{81DDED9D-158B-E303-5F62-77A2896D2A5A}.Debug|x64.Build.0 = Debug|Any CPU
		{81DDED9D-158B-E303-5F62-77A2896D2A5A}.Debug|x86.ActiveCfg = Debug|Any CPU
		{81DDED9D-158B-E303-5F62-77A2896D2A5A}.Debug|x86.Build.0 = Debug|Any CPU
		{81DDED9D-158B-E303-5F62-77A2896D2A5A}.Release|Any CPU.ActiveCfg = Release|Any CPU
		{81DDED9D-158B-E303-5F62-77A2896D2A5A}.Release|Any CPU.Build.0 = Release|Any CPU
		{81DDED9D-158B-E303-5F62-77A2896D2A5A}.Release|x64.ActiveCfg = Release|Any CPU
		{81DDED9D-158B-E303-5F62-77A2896D2A5A}.Release|x64.Build.0 = Release|Any CPU
		{81DDED9D-158B-E303-5F62-77A2896D2A5A}.Release|x86.ActiveCfg = Release|Any CPU
		{81DDED9D-158B-E303-5F62-77A2896D2A5A}.Release|x86.Build.0 = Release|Any CPU
		{63B52628-B173-4131-9222-A845EC9A9FF1}.Debug|Any CPU.ActiveCfg = Debug|Any CPU
		{63B52628-B173-4131-9222-A845EC9A9FF1}.Debug|Any CPU.Build.0 = Debug|Any CPU
		{63B52628-B173-4131-9222-A845EC9A9FF1}.Debug|x64.ActiveCfg = Debug|Any CPU
		{63B52628-B173-4131-9222-A845EC9A9FF1}.Debug|x64.Build.0 = Debug|Any CPU
		{63B52628-B173-4131-9222-A845EC9A9FF1}.Debug|x86.ActiveCfg = Debug|Any CPU
		{63B52628-B173-4131-9222-A845EC9A9FF1}.Debug|x86.Build.0 = Debug|Any CPU
		{63B52628-B173-4131-9222-A845EC9A9FF1}.Release|Any CPU.ActiveCfg = Release|Any CPU
		{63B52628-B173-4131-9222-A845EC9A9FF1}.Release|Any CPU.Build.0 = Release|Any CPU
		{63B52628-B173-4131-9222-A845EC9A9FF1}.Release|x64.ActiveCfg = Release|Any CPU
		{63B52628-B173-4131-9222-A845EC9A9FF1}.Release|x64.Build.0 = Release|Any CPU
		{63B52628-B173-4131-9222-A845EC9A9FF1}.Release|x86.ActiveCfg = Release|Any CPU
		{63B52628-B173-4131-9222-A845EC9A9FF1}.Release|x86.Build.0 = Release|Any CPU
	EndGlobalSection
	GlobalSection(SolutionProperties) = preSolution
		HideSolutionNode = FALSE
	EndGlobalSection
	GlobalSection(ExtensibilityGlobals) = postSolution
		SolutionGuid = {D8B759ED-7581-4DA7-AE7F-69AD2BB985EF}
	EndGlobalSection
EndGlobal
