
Microsoft Visual Studio Solution File, Format Version 12.00
# Visual Studio Version 17
VisualStudioVersion = 17.14.36203.30 d17.14
MinimumVisualStudioVersion = 10.0.40219.1
Project("{FAE04EC0-301F-11D3-BF4B-00C04F79EFBC}") = "InventoryService", "InventoryService.csproj", "{BAFEDD68-7A51-48AB-902A-AD6EF76870BD}"
EndProject
Global
	GlobalSection(SolutionConfigurationPlatforms) = preSolution
		Debug|Any CPU = Debug|Any CPU
		Release|Any CPU = Release|Any CPU
	EndGlobalSection
	GlobalSection(ProjectConfigurationPlatforms) = postSolution
		{BAFEDD68-7A51-48AB-902A-AD6EF76870BD}.Debug|Any CPU.ActiveCfg = Debug|Any CPU
		{BAFEDD68-7A51-48AB-902A-AD6EF76870BD}.Debug|Any CPU.Build.0 = Debug|Any CPU
		{BAFEDD68-7A51-48AB-902A-AD6EF76870BD}.Release|Any CPU.ActiveCfg = Release|Any CPU
		{BAFEDD68-7A51-48AB-902A-AD6EF76870BD}.Release|Any CPU.Build.0 = Release|Any CPU
	EndGlobalSection
	GlobalSection(SolutionProperties) = preSolution
		HideSolutionNode = FALSE
	EndGlobalSection
	GlobalSection(ExtensibilityGlobals) = postSolution
		SolutionGuid = {0694D5D6-4AF7-43D8-938D-FF08B11684D6}
	EndGlobalSection
EndGlobal
